// !$*UTF8*$!
{
	archiveVersion = 1;
	classes = {
	};
	objectVersion = 77;
	objects = {

/* Begin PBXContainerItemProxy section */
		6F9DE3432EA75E8C00A44F07 /* PBXContainerItemProxy */ = {
			isa = PBXContainerItemProxy;
			containerPortal = 6F9DE32D2EA75E8600A44F07 /* Project object */;
			proxyType = 1;
			remoteGlobalIDString = 6F9DE3342EA75E8600A44F07;
			remoteInfo = WordPath;
		};
		6F9DE34D2EA75E8C00A44F07 /* PBXContainerItemProxy */ = {
			isa = PBXContainerItemProxy;
			containerPortal = 6F9DE32D2EA75E8600A44F07 /* Project object */;
			proxyType = 1;
			remoteGlobalIDString = 6F9DE3342EA75E8600A44F07;
			remoteInfo = WordPath;
		};
/* End PBXContainerItemProxy section */

/* Begin PBXFileReference section */
		6F9DE3352EA75E8600A44F07 /* WordPath.app */ = {isa = PBXFileReference; explicitFileType = wrapper.application; includeInIndex = 0; path = WordPath.app; sourceTree = BUILT_PRODUCTS_DIR; };
		6F9DE3422EA75E8C00A44F07 /* WordPathTests.xctest */ = {isa = PBXFileReference; explicitFileType = wrapper.cfbundle; includeInIndex = 0; path = WordPathTests.xctest; sourceTree = BUILT_PRODUCTS_DIR; };
		6F9DE34C2EA75E8C00A44F07 /* WordPathUITests.xctest */ = {isa = PBXFileReference; explicitFileType = wrapper.cfbundle; includeInIndex = 0; path = WordPathUITests.xctest; sourceTree = BUILT_PRODUCTS_DIR; };
/* End PBXFileReference section */

/* Begin PBXFileSystemSynchronizedRootGroup section */
		6F9DE3372EA75E8600A44F07 /* WordPath */ = {
			isa = PBXFileSystemSynchronizedRootGroup;
			path = WordPath;
			sourceTree = "<group>";
		};
		6F9DE3452EA75E8C00A44F07 /* WordPathTests */ = {
			isa = PBXFileSystemSynchronizedRootGroup;
			path = WordPathTests;
			sourceTree = "<group>";
		};
		6F9DE34F2EA75E8C00A44F07 /* WordPathUITests */ = {
			isa = PBXFileSystemSynchronizedRootGroup;
			path = WordPathUITests;
			sourceTree = "<group>";
		};
/* End PBXFileSystemSynchronizedRootGroup section */

/* Begin PBXFrameworksBuildPhase section */
		6F9DE3322EA75E8600A44F07 /* Frameworks */ = {
			isa = PBXFrameworksBuildPhase;
			buildActionMask = 2147483647;
			files = (
			);
			runOnlyForDeploymentPostprocessing = 0;
		};
		6F9DE33F2EA75E8C00A44F07 /* Frameworks */ = {
			isa = PBXFrameworksBuildPhase;
			buildActionMask = 2147483647;
			files = (
			);
			runOnlyForDeploymentPostprocessing = 0;
		};
		6F9DE3492EA75E8C00A44F07 /* Frameworks */ = {
			isa = PBXFrameworksBuildPhase;
			buildActionMask = 2147483647;
			files = (
			);
			runOnlyForDeploymentPostprocessing = 0;
		};
/* End PBXFrameworksBuildPhase section */

/* Begin PBXGroup section */
		6F9DE32C2EA75E8600A44F07 = {
			isa = PBXGroup;
			children = (
				6F9DE3372EA75E8600A44F07 /* WordPath */,
				6F9DE3452EA75E8C00A44F07 /* WordPathTests */,
				6F9DE34F2EA75E8C00A44F07 /* WordPathUITests */,
				6F9DE3362EA75E8600A44F07 /* Products */,
			);
			sourceTree = "<group>";
		};
		6F9DE3362EA75E8600A44F07 /* Products */ = {
			isa = PBXGroup;
			children = (
				6F9DE3352EA75E8600A44F07 /* WordPath.app */,
				6F9DE3422EA75E8C00A44F07 /* WordPathTests.xctest */,
				6F9DE34C2EA75E8C00A44F07 /* WordPathUITests.xctest */,
			);
			name = Products;
			sourceTree = "<group>";
		};
/* End PBXGroup section */

/* Begin PBXNativeTarget section */
		6F9DE3342EA75E8600A44F07 /* WordPath */ = {
			isa = PBXNativeTarget;
			buildConfigurationList = 6F9DE3562EA75E8C00A44F07 /* Build configuration list for PBXNativeTarget "WordPath" */;
			buildPhases = (
				6F9DE3312EA75E8600A44F07 /* Sources */,
				6F9DE3322EA75E8600A44F07 /* Frameworks */,
				6F9DE3332EA75E8600A44F07 /* Resources */,
			);
			buildRules = (
			);
			dependencies = (
			);
			fileSystemSynchronizedGroups = (
				6F9DE3372EA75E8600A44F07 /* WordPath */,
			);
			name = WordPath;
			packageProductDependencies = (
			);
			productName = WordPath;
			productReference = 6F9DE3352EA75E8600A44F07 /* WordPath.app */;
			productType = "com.apple.product-type.application";
		};
		6F9DE3412EA75E8C00A44F07 /* WordPathTests */ = {
			isa = PBXNativeTarget;
			buildConfigurationList = 6F9DE3592EA75E8C00A44F07 /* Build configuration list for PBXNativeTarget "WordPathTests" */;
			buildPhases = (
				6F9DE33E2EA75E8C00A44F07 /* Sources */,
				6F9DE33F2EA75E8C00A44F07 /* Frameworks */,
				6F9DE3402EA75E8C00A44F07 /* Resources */,
			);
			buildRules = (
			);
			dependencies = (
				6F9DE3442EA75E8C00A44F07 /* PBXTargetDependency */,
			);
			fileSystemSynchronizedGroups = (
				6F9DE3452EA75E8C00A44F07 /* WordPathTests */,
			);
			name = WordPathTests;
			packageProductDependencies = (
			);
			productName = WordPathTests;
			productReference = 6F9DE3422EA75E8C00A44F07 /* WordPathTests.xctest */;
			productType = "com.apple.product-type.bundle.unit-test";
		};
		6F9DE34B2EA75E8C00A44F07 /* WordPathUITests */ = {
			isa = PBXNativeTarget;
			buildConfigurationList = 6F9DE35C2EA75E8C00A44F07 /* Build configuration list for PBXNativeTarget "WordPathUITests" */;
			buildPhases = (
				6F9DE3482EA75E8C00A44F07 /* Sources */,
				6F9DE3492EA75E8C00A44F07 /* Frameworks */,
				6F9DE34A2EA75E8C00A44F07 /* Resources */,
			);
			buildRules = (
			);
			dependencies = (
				6F9DE34E2EA75E8C00A44F07 /* PBXTargetDependency */,
			);
			fileSystemSynchronizedGroups = (
				6F9DE34F2EA75E8C00A44F07 /* WordPathUITests */,
			);
			name = WordPathUITests;
			packageProductDependencies = (
			);
			productName = WordPathUITests;
			productReference = 6F9DE34C2EA75E8C00A44F07 /* WordPathUITests.xctest */;
			productType = "com.apple.product-type.bundle.ui-testing";
		};
/* End PBXNativeTarget section */

/* Begin PBXProject section */
		6F9DE32D2EA75E8600A44F07 /* Project object */ = {
			isa = PBXProject;
			attributes = {
				BuildIndependentTargetsInParallel = 1;
				LastSwiftUpdateCheck = 1640;
				LastUpgradeCheck = 1640;
				TargetAttributes = {
					6F9DE3342EA75E8600A44F07 = {
						CreatedOnToolsVersion = 16.4;
					};
					6F9DE3412EA75E8C00A44F07 = {
						CreatedOnToolsVersion = 16.4;
						TestTargetID = 6F9DE3342EA75E8600A44F07;
					};
					6F9DE34B2EA75E8C00A44F07 = {
						CreatedOnToolsVersion = 16.4;
						TestTargetID = 6F9DE3342EA75E8600A44F07;
					};
				};
			};
			buildConfigurationList = 6F9DE3302EA75E8600A44F07 /* Build configuration list for PBXProject "WordPath" */;
			developmentRegion = en;
			hasScannedForEncodings = 0;
			knownRegions = (
				en,
				Base,
			);
			mainGroup = 6F9DE32C2EA75E8600A44F07;
			minimizedProjectReferenceProxies = 1;
			preferredProjectObjectVersion = 77;
			productRefGroup = 6F9DE3362EA75E8600A44F07 /* Products */;
			projectDirPath = "";
			projectRoot = "";
			targets = (
				6F9DE3342EA75E8600A44F07 /* WordPath */,
				6F9DE3412EA75E8C00A44F07 /* WordPathTests */,
				6F9DE34B2EA75E8C00A44F07 /* WordPathUITests */,
			);
		};
/* End PBXProject section */

/* Begin PBXResourcesBuildPhase section */
		6F9DE3332EA75E8600A44F07 /* Resources */ = {
			isa = PBXResourcesBuildPhase;
			buildActionMask = 2147483647;
			files = (
			);
			runOnlyForDeploymentPostprocessing = 0;
		};
		6F9DE3402EA75E8C00A44F07 /* Resources */ = {
			isa = PBXResourcesBuildPhase;
			buildActionMask = 2147483647;
			files = (
			);
			runOnlyForDeploymentPostprocessing = 0;
		};
		6F9DE34A2EA75E8C00A44F07 /* Resources */ = {
			isa = PBXResourcesBuildPhase;
			buildActionMask = 2147483647;
			files = (
			);
			runOnlyForDeploymentPostprocessing = 0;
		};
/* End PBXResourcesBuildPhase section */

/* Begin PBXSourcesBuildPhase section */
		6F9DE3312EA75E8600A44F07 /* Sources */ = {
			isa = PBXSourcesBuildPhase;
			buildActionMask = 2147483647;
			files = (
			);
			runOnlyForDeploymentPostprocessing = 0;
		};
		6F9DE33E2EA75E8C00A44F07 /* Sources */ = {
			isa = PBXSourcesBuildPhase;
			buildActionMask = 2147483647;
			files = (
			);
			runOnlyForDeploymentPostprocessing = 0;
		};
		6F9DE3482EA75E8C00A44F07 /* Sources */ = {
			isa = PBXSourcesBuildPhase;
			buildActionMask = 2147483647;
			files = (
			);
			runOnlyForDeploymentPostprocessing = 0;
		};
/* End PBXSourcesBuildPhase section */

/* Begin PBXTargetDependency section */
		6F9DE3442EA75E8C00A44F07 /* PBXTargetDependency */ = {
			isa = PBXTargetDependency;
			target = 6F9DE3342EA75E8600A44F07 /* WordPath */;
			targetProxy = 6F9DE3432EA75E8C00A44F07 /* PBXContainerItemProxy */;
		};
		6F9DE34E2EA75E8C00A44F07 /* PBXTargetDependency */ = {
			isa = PBXTargetDependency;
			target = 6F9DE3342EA75E8600A44F07 /* WordPath */;
			targetProxy = 6F9DE34D2EA75E8C00A44F07 /* PBXContainerItemProxy */;
		};
/* End PBXTargetDependency section */

/* Begin XCBuildConfiguration section */
		6F9DE3542EA75E8C00A44F07 /* Debug */ = {
			isa = XCBuildConfiguration;
			buildSettings = {
				ALWAYS_SEARCH_USER_PATHS = NO;
				ASSETCATALOG_COMPILER_GENERATE_SWIFT_ASSET_SYMBOL_EXTENSIONS = YES;
				CLANG_ANALYZER_NONNULL = YES;
				CLANG_ANALYZER_NUMBER_OBJECT_CONVERSION = YES_AGGRESSIVE;
				CLANG_CXX_LANGUAGE_STANDARD = "gnu++20";
				CLANG_ENABLE_MODULES = YES;
				CLANG_ENABLE_OBJC_ARC = YES;
				CLANG_ENABLE_OBJC_WEAK = YES;
				CLANG_WARN_BLOCK_CAPTURE_AUTORELEASING = YES;
				CLANG_WARN_BOOL_CONVERSION = YES;
				CLANG_WARN_COMMA = YES;
				CLANG_WARN_CONSTANT_CONVERSION = YES;
				CLANG_WARN_DEPRECATED_OBJC_IMPLEMENTATIONS = YES;
				CLANG_WARN_DIRECT_OBJC_ISA_USAGE = YES_ERROR;
				CLANG_WARN_DOCUMENTATION_COMMENTS = YES;
				CLANG_WARN_EMPTY_BODY = YES;
				CLANG_WARN_ENUM_CONVERSION = YES;
				CLANG_WARN_INFINITE_RECURSION = YES;
				CLANG_WARN_INT_CONVERSION = YES;
				CLANG_WARN_NON_LITERAL_NULL_CONVERSION = YES;
				CLANG_WARN_OBJC_IMPLICIT_RETAIN_SELF = YES;
				CLANG_WARN_OBJC_LITERAL_CONVERSION = YES;
				CLANG_WARN_OBJC_ROOT_CLASS = YES_ERROR;
				CLANG_WARN_QUOTED_INCLUDE_IN_FRAMEWORK_HEADER = YES;
				CLANG_WARN_RANGE_LOOP_ANALYSIS = YES;
				CLANG_WARN_STRICT_PROTOTYPES = YES;
				CLANG_WARN_SUSPICIOUS_MOVE = YES;
				CLANG_WARN_UNGUARDED_AVAILABILITY = YES_AGGRESSIVE;
				CLANG_WARN_UNREACHABLE_CODE = YES;
				CLANG_WARN__DUPLICATE_METHOD_MATCH = YES;
				COPY_PHASE_STRIP = NO;
				DEBUG_INFORMATION_FORMAT = dwarf;
				DEVELOPMENT_TEAM = WCKPXB57CT;
				ENABLE_STRICT_OBJC_MSGSEND = YES;
				ENABLE_TESTABILITY = YES;
				ENABLE_USER_SCRIPT_SANDBOXING = YES;
				GCC_C_LANGUAGE_STANDARD = gnu17;
				GCC_DYNAMIC_NO_PIC = NO;
				GCC_NO_COMMON_BLOCKS = YES;
				GCC_OPTIMIZATION_LEVEL = 0;
				GCC_PREPROCESSOR_DEFINITIONS = (
					"DEBUG=1",
					"$(inherited)",
				);
				GCC_WARN_64_TO_32_BIT_CONVERSION = YES;
				GCC_WARN_ABOUT_RETURN_TYPE = YES_ERROR;
				GCC_WARN_UNDECLARED_SELECTOR = YES;
				GCC_WARN_UNINITIALIZED_AUTOS = YES_AGGRESSIVE;
				GCC_WARN_UNUSED_FUNCTION = YES;
				GCC_WARN_UNUSED_VARIABLE = YES;
				IPHONEOS_DEPLOYMENT_TARGET = 18.5;
				LOCALIZATION_PREFERS_STRING_CATALOGS = YES;
				MTL_ENABLE_DEBUG_INFO = INCLUDE_SOURCE;
				MTL_FAST_MATH = YES;
				ONLY_ACTIVE_ARCH = YES;
				SDKROOT = iphoneos;
				SWIFT_ACTIVE_COMPILATION_CONDITIONS = "DEBUG $(inherited)";
				SWIFT_OPTIMIZATION_LEVEL = "-Onone";
			};
			name = Debug;
		};
		6F9DE3552EA75E8C00A44F07 /* Release */ = {
			isa = XCBuildConfiguration;
			buildSettings = {
				ALWAYS_SEARCH_USER_PATHS = NO;
				ASSETCATALOG_COMPILER_GENERATE_SWIFT_ASSET_SYMBOL_EXTENSIONS = YES;
				CLANG_ANALYZER_NONNULL = YES;
				CLANG_ANALYZER_NUMBER_OBJECT_CONVERSION = YES_AGGRESSIVE;
				CLANG_CXX_LANGUAGE_STANDARD = "gnu++20";
				CLANG_ENABLE_MODULES = YES;
				CLANG_ENABLE_OBJC_ARC = YES;
				CLANG_ENABLE_OBJC_WEAK = YES;
				CLANG_WARN_BLOCK_CAPTURE_AUTORELEASING = YES;
				CLANG_WARN_BOOL_CONVERSION = YES;
				CLANG_WARN_COMMA = YES;
				CLANG_WARN_CONSTANT_CONVERSION = YES;
				CLANG_WARN_DEPRECATED_OBJC_IMPLEMENTATIONS = YES;
				CLANG_WARN_DIRECT_OBJC_ISA_USAGE = YES_ERROR;
				CLANG_WARN_DOCUMENTATION_COMMENTS = YES;
				CLANG_WARN_EMPTY_BODY = YES;
				CLANG_WARN_ENUM_CONVERSION = YES;
				CLANG_WARN_INFINITE_RECURSION = YES;
				CLANG_WARN_INT_CONVERSION = YES;
				CLANG_WARN_NON_LITERAL_NULL_CONVERSION = YES;
				CLANG_WARN_OBJC_IMPLICIT_RETAIN_SELF = YES;
				CLANG_WARN_OBJC_LITERAL_CONVERSION = YES;
				CLANG_WARN_OBJC_ROOT_CLASS = YES_ERROR;
				CLANG_WARN_QUOTED_INCLUDE_IN_FRAMEWORK_HEADER = YES;
				CLANG_WARN_RANGE_LOOP_ANALYSIS = YES;
				CLANG_WARN_STRICT_PROTOTYPES = YES;
				CLANG_WARN_SUSPICIOUS_MOVE = YES;
				CLANG_WARN_UNGUARDED_AVAILABILITY = YES_AGGRESSIVE;
				CLANG_WARN_UNREACHABLE_CODE = YES;
				CLANG_WARN__DUPLICATE_METHOD_MATCH = YES;
				COPY_PHASE_STRIP = NO;
				DEBUG_INFORMATION_FORMAT = "dwarf-with-dsym";
				DEVELOPMENT_TEAM = WCKPXB57CT;
				ENABLE_NS_ASSERTIONS = NO;
				ENABLE_STRICT_OBJC_MSGSEND = YES;
				ENABLE_USER_SCRIPT_SANDBOXING = YES;
				GCC_C_LANGUAGE_STANDARD = gnu17;
				GCC_NO_COMMON_BLOCKS = YES;
				GCC_WARN_64_TO_32_BIT_CONVERSION = YES;
				GCC_WARN_ABOUT_RETURN_TYPE = YES_ERROR;
				GCC_WARN_UNDECLARED_SELECTOR = YES;
				GCC_WARN_UNINITIALIZED_AUTOS = YES_AGGRESSIVE;
				GCC_WARN_UNUSED_FUNCTION = YES;
				GCC_WARN_UNUSED_VARIABLE = YES;
				IPHONEOS_DEPLOYMENT_TARGET = 18.5;
				LOCALIZATION_PREFERS_STRING_CATALOGS = YES;
				MTL_ENABLE_DEBUG_INFO = NO;
				MTL_FAST_MATH = YES;
				SDKROOT = iphoneos;
				SWIFT_COMPILATION_MODE = wholemodule;
				VALIDATE_PRODUCT = YES;
			};
			name = Release;
		};
		6F9DE3572EA75E8C00A44F07 /* Debug */ = {
			isa = XCBuildConfiguration;
			buildSettings = {
				ASSETCATALOG_COMPILER_APPICON_NAME = AppIcon;
				ASSETCATALOG_COMPILER_GLOBAL_ACCENT_COLOR_NAME = AccentColor;
				CODE_SIGN_STYLE = Automatic;
				CURRENT_PROJECT_VERSION = 1;
				DEVELOPMENT_TEAM = WCKPXB57CT;
				ENABLE_PREVIEWS = YES;
				GENERATE_INFOPLIST_FILE = YES;
				INFOPLIST_KEY_UIApplicationSceneManifest_Generation = YES;
				INFOPLIST_KEY_UIApplicationSupportsIndirectInputEvents = YES;
				INFOPLIST_KEY_UILaunchScreen_Generation = YES;
				INFOPLIST_KEY_UISupportedInterfaceOrientations_iPad = "UIInterfaceOrientationPortrait UIInterfaceOrientationPortraitUpsideDown UIInterfaceOrientationLandscapeLeft UIInterfaceOrientationLandscapeRight";
				INFOPLIST_KEY_UISupportedInterfaceOrientations_iPhone = "UIInterfaceOrientationPortrait UIInterfaceOrientationLandscapeLeft UIInterfaceOrientationLandscapeRight";
				LD_RUNPATH_SEARCH_PATHS = (
					"$(inherited)",
					"@executable_path/Frameworks",
				);
				MARKETING_VERSION = 1.0;
				PRODUCT_BUNDLE_IDENTIFIER = com.jjordanarenas.WordPath;
				PRODUCT_NAME = "$(TARGET_NAME)";
				SWIFT_EMIT_LOC_STRINGS = YES;
				SWIFT_VERSION = 5.0;
				TARGETED_DEVICE_FAMILY = "1,2";
			};
			name = Debug;
		};
		6F9DE3582EA75E8C00A44F07 /* Release */ = {
			isa = XCBuildConfiguration;
			buildSettings = {
				ASSETCATALOG_COMPILER_APPICON_NAME = AppIcon;
				ASSETCATALOG_COMPILER_GLOBAL_ACCENT_COLOR_NAME = AccentColor;
				CODE_SIGN_STYLE = Automatic;
				CURRENT_PROJECT_VERSION = 1;
				DEVELOPMENT_TEAM = WCKPXB57CT;
				ENABLE_PREVIEWS = YES;
				GENERATE_INFOPLIST_FILE = YES;
				INFOPLIST_KEY_UIApplicationSceneManifest_Generation = YES;
				INFOPLIST_KEY_UIApplicationSupportsIndirectInputEvents = YES;
				INFOPLIST_KEY_UILaunchScreen_Generation = YES;
				INFOPLIST_KEY_UISupportedInterfaceOrientations_iPad = "UIInterfaceOrientationPortrait UIInterfaceOrientationPortraitUpsideDown UIInterfaceOrientationLandscapeLeft UIInterfaceOrientationLandscapeRight";
				INFOPLIST_KEY_UISupportedInterfaceOrientations_iPhone = "UIInterfaceOrientationPortrait UIInterfaceOrientationLandscapeLeft UIInterfaceOrientationLandscapeRight";
				LD_RUNPATH_SEARCH_PATHS = (
					"$(inherited)",
					"@executable_path/Frameworks",
				);
				MARKETING_VERSION = 1.0;
				PRODUCT_BUNDLE_IDENTIFIER = com.jjordanarenas.WordPath;
				PRODUCT_NAME = "$(TARGET_NAME)";
				SWIFT_EMIT_LOC_STRINGS = YES;
				SWIFT_VERSION = 5.0;
				TARGETED_DEVICE_FAMILY = "1,2";
			};
			name = Release;
		};
		6F9DE35A2EA75E8C00A44F07 /* Debug */ = {
			isa = XCBuildConfiguration;
			buildSettings = {
				BUNDLE_LOADER = "$(TEST_HOST)";
				CODE_SIGN_STYLE = Automatic;
				CURRENT_PROJECT_VERSION = 1;
				DEVELOPMENT_TEAM = WCKPXB57CT;
				GENERATE_INFOPLIST_FILE = YES;
				IPHONEOS_DEPLOYMENT_TARGET = 18.5;
				MARKETING_VERSION = 1.0;
				PRODUCT_BUNDLE_IDENTIFIER = com.jjordanarenas.WordPathTests;
				PRODUCT_NAME = "$(TARGET_NAME)";
				SWIFT_EMIT_LOC_STRINGS = NO;
				SWIFT_VERSION = 5.0;
				TARGETED_DEVICE_FAMILY = "1,2";
				TEST_HOST = "$(BUILT_PRODUCTS_DIR)/WordPath.app/$(BUNDLE_EXECUTABLE_FOLDER_PATH)/WordPath";
			};
			name = Debug;
		};
		6F9DE35B2EA75E8C00A44F07 /* Release */ = {
			isa = XCBuildConfiguration;
			buildSettings = {
				BUNDLE_LOADER = "$(TEST_HOST)";
				CODE_SIGN_STYLE = Automatic;
				CURRENT_PROJECT_VERSION = 1;
				DEVELOPMENT_TEAM = WCKPXB57CT;
				GENERATE_INFOPLIST_FILE = YES;
				IPHONEOS_DEPLOYMENT_TARGET = 18.5;
				MARKETING_VERSION = 1.0;
				PRODUCT_BUNDLE_IDENTIFIER = com.jjordanarenas.WordPathTests;
				PRODUCT_NAME = "$(TARGET_NAME)";
				SWIFT_EMIT_LOC_STRINGS = NO;
				SWIFT_VERSION = 5.0;
				TARGETED_DEVICE_FAMILY = "1,2";
				TEST_HOST = "$(BUILT_PRODUCTS_DIR)/WordPath.app/$(BUNDLE_EXECUTABLE_FOLDER_PATH)/WordPath";
			};
			name = Release;
		};
		6F9DE35D2EA75E8C00A44F07 /* Debug */ = {
			isa = XCBuildConfiguration;
			buildSettings = {
				CODE_SIGN_STYLE = Automatic;
				CURRENT_PROJECT_VERSION = 1;
				DEVELOPMENT_TEAM = WCKPXB57CT;
				GENERATE_INFOPLIST_FILE = YES;
				MARKETING_VERSION = 1.0;
				PRODUCT_BUNDLE_IDENTIFIER = com.jjordanarenas.WordPathUITests;
				PRODUCT_NAME = "$(TARGET_NAME)";
				SWIFT_EMIT_LOC_STRINGS = NO;
				SWIFT_VERSION = 5.0;
				TARGETED_DEVICE_FAMILY = "1,2";
				TEST_TARGET_NAME = WordPath;
			};
			name = Debug;
		};
		6F9DE35E2EA75E8C00A44F07 /* Release */ = {
			isa = XCBuildConfiguration;
			buildSettings = {
				CODE_SIGN_STYLE = Automatic;
				CURRENT_PROJECT_VERSION = 1;
				DEVELOPMENT_TEAM = WCKPXB57CT;
				GENERATE_INFOPLIST_FILE = YES;
				MARKETING_VERSION = 1.0;
				PRODUCT_BUNDLE_IDENTIFIER = com.jjordanarenas.WordPathUITests;
				PRODUCT_NAME = "$(TARGET_NAME)";
				SWIFT_EMIT_LOC_STRINGS = NO;
				SWIFT_VERSION = 5.0;
				TARGETED_DEVICE_FAMILY = "1,2";
				TEST_TARGET_NAME = WordPath;
			};
			name = Release;
		};
/* End XCBuildConfiguration section */

/* Begin XCConfigurationList section */
		6F9DE3302EA75E8600A44F07 /* Build configuration list for PBXProject "WordPath" */ = {
			isa = XCConfigurationList;
			buildConfigurations = (
				6F9DE3542EA75E8C00A44F07 /* Debug */,
				6F9DE3552EA75E8C00A44F07 /* Release */,
			);
			defaultConfigurationIsVisible = 0;
			defaultConfigurationName = Release;
		};
		6F9DE3562EA75E8C00A44F07 /* Build configuration list for PBXNativeTarget "WordPath" */ = {
			isa = XCConfigurationList;
			buildConfigurations = (
				6F9DE3572EA75E8C00A44F07 /* Debug */,
				6F9DE3582EA75E8C00A44F07 /* Release */,
			);
			defaultConfigurationIsVisible = 0;
			defaultConfigurationName = Release;
		};
		6F9DE3592EA75E8C00A44F07 /* Build configuration list for PBXNativeTarget "WordPathTests" */ = {
			isa = XCConfigurationList;
			buildConfigurations = (
				6F9DE35A2EA75E8C00A44F07 /* Debug */,
				6F9DE35B2EA75E8C00A44F07 /* Release */,
			);
			defaultConfigurationIsVisible = 0;
			defaultConfigurationName = Release;
		};
		6F9DE35C2EA75E8C00A44F07 /* Build configuration list for PBXNativeTarget "WordPathUITests" */ = {
			isa = XCConfigurationList;
			buildConfigurations = (
				6F9DE35D2EA75E8C00A44F07 /* Debug */,
				6F9DE35E2EA75E8C00A44F07 /* Release */,
			);
			defaultConfigurationIsVisible = 0;
			defaultConfigurationName = Release;
		};
/* End XCConfigurationList section */
	};
	rootObject = 6F9DE32D2EA75E8600A44F07 /* Project object */;
}
